
Microsoft Visual Studio Solution File, Format Version 12.00
# Visual Studio Version 17
VisualStudioVersion = 17.14.36603.0 d17.14
MinimumVisualStudioVersion = 10.0.40219.1
Project("{8BC9CEB8-8B4A-11D0-8D11-00A0C91BC942}") = "un7_1", "un7_1\un7_1.vcxproj", "{DA9C0E60-964A-407B-9A10-C755AC7086C6}"
EndProject
Global
	GlobalSection(SolutionConfigurationPlatforms) = preSolution
		Debug|x64 = Debug|x64
		Debug|x86 = Debug|x86
		Release|x64 = Release|x64
		Release|x86 = Release|x86
	EndGlobalSection
	GlobalSection(ProjectConfigurationPlatforms) = postSolution
		{DA9C0E60-964A-407B-9A10-C755AC7086C6}.Debug|x64.ActiveCfg = Debug|x64
		{DA9C0E60-964A-407B-9A10-C755AC7086C6}.Debug|x64.Build.0 = Debug|x64
		{DA9C0E60-964A-407B-9A10-C755AC7086C6}.Debug|x86.ActiveCfg = Debug|Win32
		{DA9C0E60-964A-407B-9A10-C755AC7086C6}.Debug|x86.Build.0 = Debug|Win32
		{DA9C0E60-964A-407B-9A10-C755AC7086C6}.Release|x64.ActiveCfg = Release|x64
		{DA9C0E60-964A-407B-9A10-C755AC7086C6}.Release|x64.Build.0 = Release|x64
		{DA9C0E60-964A-407B-9A10-C755AC7086C6}.Release|x86.ActiveCfg = Release|Win32
		{DA9C0E60-964A-407B-9A10-C755AC7086C6}.Release|x86.Build.0 = Release|Win32
	EndGlobalSection
	GlobalSection(SolutionProperties) = preSolution
		HideSolutionNode = FALSE
	EndGlobalSection
	GlobalSection(ExtensibilityGlobals) = postSolution
		SolutionGuid = {ADDD0323-DD2A-4B7C-95DC-FE7E52A6ED21}
	EndGlobalSection
EndGlobal
