
Microsoft Visual Studio Solution File, Format Version 12.00
# Visual Studio Version 17
VisualStudioVersion = 17.14.36603.0 d17.14
MinimumVisualStudioVersion = 10.0.40219.1
Project("{8BC9CEB8-8B4A-11D0-8D11-00A0C91BC942}") = "un15_1", "un15_1\un15_1.vcxproj", "{79947C30-56D6-435C-8470-D3EE75742429}"
EndProject
Global
	GlobalSection(SolutionConfigurationPlatforms) = preSolution
		Debug|x64 = Debug|x64
		Debug|x86 = Debug|x86
		Release|x64 = Release|x64
		Release|x86 = Release|x86
	EndGlobalSection
	GlobalSection(ProjectConfigurationPlatforms) = postSolution
		{79947C30-56D6-435C-8470-D3EE75742429}.Debug|x64.ActiveCfg = Debug|x64
		{79947C30-56D6-435C-8470-D3EE75742429}.Debug|x64.Build.0 = Debug|x64
		{79947C30-56D6-435C-8470-D3EE75742429}.Debug|x86.ActiveCfg = Debug|Win32
		{79947C30-56D6-435C-8470-D3EE75742429}.Debug|x86.Build.0 = Debug|Win32
		{79947C30-56D6-435C-8470-D3EE75742429}.Release|x64.ActiveCfg = Release|x64
		{79947C30-56D6-435C-8470-D3EE75742429}.Release|x64.Build.0 = Release|x64
		{79947C30-56D6-435C-8470-D3EE75742429}.Release|x86.ActiveCfg = Release|Win32
		{79947C30-56D6-435C-8470-D3EE75742429}.Release|x86.Build.0 = Release|Win32
	EndGlobalSection
	GlobalSection(SolutionProperties) = preSolution
		HideSolutionNode = FALSE
	EndGlobalSection
	GlobalSection(ExtensibilityGlobals) = postSolution
		SolutionGuid = {D1558958-3755-4609-B3CC-F9FFFE4E853D}
	EndGlobalSection
EndGlobal
